
Microsoft Visual Studio Solution File, Format Version 12.00
# Visual Studio 15
VisualStudioVersion = 15.0.27130.2027
MinimumVisualStudioVersion = 10.0.40219.1
Project("{9A19103F-16F7-4668-BE54-9A1E7A4F7556}") = "Calemas.Erp.Api", "Calemas.Erp.Api\Calemas.Erp.Api.csproj", "{7DD6D95F-923A-450E-B55E-44D88E7B4D3A}"
EndProject
Project("{2150E333-8FDC-42A3-9474-1A3956D46DE8}") = "1-Presentation", "1-Presentation", "{E3E5BDDB-390C-404A-99F5-754265F88A51}"
EndProject
Project("{2150E333-8FDC-42A3-9474-1A3956D46DE8}") = "2-Api", "2-Api", "{6F3A3CA9-C355-41E3-A923-2AB17A2364F5}"
EndProject
Project("{2150E333-8FDC-42A3-9474-1A3956D46DE8}") = "3-Services", "3-Services", "{7788182F-F52D-4264-8D29-D8DE73C6E10F}"
EndProject
Project("{2150E333-8FDC-42A3-9474-1A3956D46DE8}") = "4-Domain", "4-Domain", "{D2D634D0-F369-40A1-A7C2-EF397BE2BF48}"
EndProject
Project("{2150E333-8FDC-42A3-9474-1A3956D46DE8}") = "5-Common", "5-Common", "{7122B8D0-0A5C-4684-B1ED-1FA349369261}"
EndProject
Project("{9A19103F-16F7-4668-BE54-9A1E7A4F7556}") = "Common.Orm", "Common\Common.Orm\Common.Orm.csproj", "{E285044F-AA49-41BF-A2B2-3B2F5F46527F}"
EndProject
Project("{9A19103F-16F7-4668-BE54-9A1E7A4F7556}") = "Common.Domain", "Common\Common.Domain\Common.Domain.csproj", "{8D24C3EC-58E9-40A4-8909-E3F9B4C270B8}"
EndProject
Project("{9A19103F-16F7-4668-BE54-9A1E7A4F7556}") = "Common.Api", "Common\Common.Api\Common.Api.csproj", "{E5EB9DD3-BE1E-410C-8980-5DD8BA1B3F4A}"
EndProject
Project("{9A19103F-16F7-4668-BE54-9A1E7A4F7556}") = "Calemas.Erp.Dto", "Calemas.Erp.Dto\Calemas.Erp.Dto.csproj", "{DF18C97E-E3BE-4EB2-A288-010979C2DCDD}"
EndProject
Project("{9A19103F-16F7-4668-BE54-9A1E7A4F7556}") = "Common.Dto", "Common\Common.Dto\Common.Dto.csproj", "{B2AC60BF-E46E-485A-898A-3ADEB074804B}"
EndProject
Project("{9A19103F-16F7-4668-BE54-9A1E7A4F7556}") = "Calemas.Erp.Filter", "Calemas.Erp.Filter\Calemas.Erp.Filter.csproj", "{F13B41CB-5BC3-481A-82DC-419806B87819}"
EndProject
Project("{9A19103F-16F7-4668-BE54-9A1E7A4F7556}") = "Calemas.Erp.Data", "Calemas.Erp.Repository\Calemas.Erp.Data.csproj", "{063CEC5D-99E9-4B9D-B46A-6658D8139034}"
EndProject
Project("{2150E333-8FDC-42A3-9474-1A3956D46DE8}") = "Solution Items", "Solution Items", "{76ECCD42-A2FF-4528-BFC0-43B884F5CE2C}"
	ProjectSection(SolutionItems) = preProject
		Solution Items\Common.dll = Solution Items\Common.dll
		Solution Items\Common.Domain.dll = Solution Items\Common.Domain.dll
		Solution Items\Common.Gen.dll = Solution Items\Common.Gen.dll
	EndProjectSection
EndProject
Project("{9A19103F-16F7-4668-BE54-9A1E7A4F7556}") = "Calemas.Erp.Services", "Calemas.Erp.Services\Calemas.Erp.Services.csproj", "{69F5FD6F-BA20-4C9B-A5F5-286B9FCCC28A}"
EndProject
Project("{9A19103F-16F7-4668-BE54-9A1E7A4F7556}") = "Common.Validation", "Common\Common.Validation\Common.Validation.csproj", "{EDEC633E-69DE-4B79-8FFA-26693544762A}"
EndProject
Project("{2150E333-8FDC-42A3-9474-1A3956D46DE8}") = "6-Generator", "6-Generator", "{54398A24-7E72-4569-A527-EB2ED9DB1336}"
EndProject
Project("{FAE04EC0-301F-11D3-BF4B-00C04F79EFBC}") = "Gerador.Gen", "Gerador.Gen\Gerador.Gen.csproj", "{C3284C19-9A3B-4D61-A6B0-7255D3B60E62}"
EndProject
Global
	GlobalSection(SolutionConfigurationPlatforms) = preSolution
		Debug|Any CPU = Debug|Any CPU
		homolog|Any CPU = homolog|Any CPU
		Local|Any CPU = Local|Any CPU
		Release|Any CPU = Release|Any CPU
	EndGlobalSection
	GlobalSection(ProjectConfigurationPlatforms) = postSolution
		{7DD6D95F-923A-450E-B55E-44D88E7B4D3A}.Debug|Any CPU.ActiveCfg = Debug|Any CPU
		{7DD6D95F-923A-450E-B55E-44D88E7B4D3A}.Debug|Any CPU.Build.0 = Debug|Any CPU
		{7DD6D95F-923A-450E-B55E-44D88E7B4D3A}.homolog|Any CPU.ActiveCfg = Release|Any CPU
		{7DD6D95F-923A-450E-B55E-44D88E7B4D3A}.homolog|Any CPU.Build.0 = Release|Any CPU
		{7DD6D95F-923A-450E-B55E-44D88E7B4D3A}.Local|Any CPU.ActiveCfg = Release|Any CPU
		{7DD6D95F-923A-450E-B55E-44D88E7B4D3A}.Local|Any CPU.Build.0 = Release|Any CPU
		{7DD6D95F-923A-450E-B55E-44D88E7B4D3A}.Release|Any CPU.ActiveCfg = Release|Any CPU
		{7DD6D95F-923A-450E-B55E-44D88E7B4D3A}.Release|Any CPU.Build.0 = Release|Any CPU
		{E285044F-AA49-41BF-A2B2-3B2F5F46527F}.Debug|Any CPU.ActiveCfg = Debug|Any CPU
		{E285044F-AA49-41BF-A2B2-3B2F5F46527F}.Debug|Any CPU.Build.0 = Debug|Any CPU
		{E285044F-AA49-41BF-A2B2-3B2F5F46527F}.homolog|Any CPU.ActiveCfg = Release|Any CPU
		{E285044F-AA49-41BF-A2B2-3B2F5F46527F}.homolog|Any CPU.Build.0 = Release|Any CPU
		{E285044F-AA49-41BF-A2B2-3B2F5F46527F}.Local|Any CPU.ActiveCfg = Release|Any CPU
		{E285044F-AA49-41BF-A2B2-3B2F5F46527F}.Local|Any CPU.Build.0 = Release|Any CPU
		{E285044F-AA49-41BF-A2B2-3B2F5F46527F}.Release|Any CPU.ActiveCfg = Release|Any CPU
		{E285044F-AA49-41BF-A2B2-3B2F5F46527F}.Release|Any CPU.Build.0 = Release|Any CPU
		{8D24C3EC-58E9-40A4-8909-E3F9B4C270B8}.Debug|Any CPU.ActiveCfg = Debug|Any CPU
		{8D24C3EC-58E9-40A4-8909-E3F9B4C270B8}.Debug|Any CPU.Build.0 = Debug|Any CPU
		{8D24C3EC-58E9-40A4-8909-E3F9B4C270B8}.homolog|Any CPU.ActiveCfg = Release|Any CPU
		{8D24C3EC-58E9-40A4-8909-E3F9B4C270B8}.homolog|Any CPU.Build.0 = Release|Any CPU
		{8D24C3EC-58E9-40A4-8909-E3F9B4C270B8}.Local|Any CPU.ActiveCfg = Release|Any CPU
		{8D24C3EC-58E9-40A4-8909-E3F9B4C270B8}.Local|Any CPU.Build.0 = Release|Any CPU
		{8D24C3EC-58E9-40A4-8909-E3F9B4C270B8}.Release|Any CPU.ActiveCfg = Release|Any CPU
		{8D24C3EC-58E9-40A4-8909-E3F9B4C270B8}.Release|Any CPU.Build.0 = Release|Any CPU
		{E5EB9DD3-BE1E-410C-8980-5DD8BA1B3F4A}.Debug|Any CPU.ActiveCfg = Debug|Any CPU
		{E5EB9DD3-BE1E-410C-8980-5DD8BA1B3F4A}.Debug|Any CPU.Build.0 = Debug|Any CPU
		{E5EB9DD3-BE1E-410C-8980-5DD8BA1B3F4A}.homolog|Any CPU.ActiveCfg = Release|Any CPU
		{E5EB9DD3-BE1E-410C-8980-5DD8BA1B3F4A}.homolog|Any CPU.Build.0 = Release|Any CPU
		{E5EB9DD3-BE1E-410C-8980-5DD8BA1B3F4A}.Local|Any CPU.ActiveCfg = Release|Any CPU
		{E5EB9DD3-BE1E-410C-8980-5DD8BA1B3F4A}.Local|Any CPU.Build.0 = Release|Any CPU
		{E5EB9DD3-BE1E-410C-8980-5DD8BA1B3F4A}.Release|Any CPU.ActiveCfg = Release|Any CPU
		{E5EB9DD3-BE1E-410C-8980-5DD8BA1B3F4A}.Release|Any CPU.Build.0 = Release|Any CPU
		{DF18C97E-E3BE-4EB2-A288-010979C2DCDD}.Debug|Any CPU.ActiveCfg = Debug|Any CPU
		{DF18C97E-E3BE-4EB2-A288-010979C2DCDD}.Debug|Any CPU.Build.0 = Debug|Any CPU
		{DF18C97E-E3BE-4EB2-A288-010979C2DCDD}.homolog|Any CPU.ActiveCfg = Release|Any CPU
		{DF18C97E-E3BE-4EB2-A288-010979C2DCDD}.homolog|Any CPU.Build.0 = Release|Any CPU
		{DF18C97E-E3BE-4EB2-A288-010979C2DCDD}.Local|Any CPU.ActiveCfg = Release|Any CPU
		{DF18C97E-E3BE-4EB2-A288-010979C2DCDD}.Local|Any CPU.Build.0 = Release|Any CPU
		{DF18C97E-E3BE-4EB2-A288-010979C2DCDD}.Release|Any CPU.ActiveCfg = Release|Any CPU
		{DF18C97E-E3BE-4EB2-A288-010979C2DCDD}.Release|Any CPU.Build.0 = Release|Any CPU
		{B2AC60BF-E46E-485A-898A-3ADEB074804B}.Debug|Any CPU.ActiveCfg = Debug|Any CPU
		{B2AC60BF-E46E-485A-898A-3ADEB074804B}.Debug|Any CPU.Build.0 = Debug|Any CPU
		{B2AC60BF-E46E-485A-898A-3ADEB074804B}.homolog|Any CPU.ActiveCfg = Release|Any CPU
		{B2AC60BF-E46E-485A-898A-3ADEB074804B}.homolog|Any CPU.Build.0 = Release|Any CPU
		{B2AC60BF-E46E-485A-898A-3ADEB074804B}.Local|Any CPU.ActiveCfg = Release|Any CPU
		{B2AC60BF-E46E-485A-898A-3ADEB074804B}.Local|Any CPU.Build.0 = Release|Any CPU
		{B2AC60BF-E46E-485A-898A-3ADEB074804B}.Release|Any CPU.ActiveCfg = Release|Any CPU
		{B2AC60BF-E46E-485A-898A-3ADEB074804B}.Release|Any CPU.Build.0 = Release|Any CPU
		{F13B41CB-5BC3-481A-82DC-419806B87819}.Debug|Any CPU.ActiveCfg = Debug|Any CPU
		{F13B41CB-5BC3-481A-82DC-419806B87819}.Debug|Any CPU.Build.0 = Debug|Any CPU
		{F13B41CB-5BC3-481A-82DC-419806B87819}.homolog|Any CPU.ActiveCfg = Release|Any CPU
		{F13B41CB-5BC3-481A-82DC-419806B87819}.homolog|Any CPU.Build.0 = Release|Any CPU
		{F13B41CB-5BC3-481A-82DC-419806B87819}.Local|Any CPU.ActiveCfg = Release|Any CPU
		{F13B41CB-5BC3-481A-82DC-419806B87819}.Local|Any CPU.Build.0 = Release|Any CPU
		{F13B41CB-5BC3-481A-82DC-419806B87819}.Release|Any CPU.ActiveCfg = Release|Any CPU
		{F13B41CB-5BC3-481A-82DC-419806B87819}.Release|Any CPU.Build.0 = Release|Any CPU
		{063CEC5D-99E9-4B9D-B46A-6658D8139034}.Debug|Any CPU.ActiveCfg = Debug|Any CPU
		{063CEC5D-99E9-4B9D-B46A-6658D8139034}.Debug|Any CPU.Build.0 = Debug|Any CPU
		{063CEC5D-99E9-4B9D-B46A-6658D8139034}.homolog|Any CPU.ActiveCfg = Release|Any CPU
		{063CEC5D-99E9-4B9D-B46A-6658D8139034}.homolog|Any CPU.Build.0 = Release|Any CPU
		{063CEC5D-99E9-4B9D-B46A-6658D8139034}.Local|Any CPU.ActiveCfg = Release|Any CPU
		{063CEC5D-99E9-4B9D-B46A-6658D8139034}.Local|Any CPU.Build.0 = Release|Any CPU
		{063CEC5D-99E9-4B9D-B46A-6658D8139034}.Release|Any CPU.ActiveCfg = Release|Any CPU
		{063CEC5D-99E9-4B9D-B46A-6658D8139034}.Release|Any CPU.Build.0 = Release|Any CPU
		{69F5FD6F-BA20-4C9B-A5F5-286B9FCCC28A}.Debug|Any CPU.ActiveCfg = Debug|Any CPU
		{69F5FD6F-BA20-4C9B-A5F5-286B9FCCC28A}.Debug|Any CPU.Build.0 = Debug|Any CPU
		{69F5FD6F-BA20-4C9B-A5F5-286B9FCCC28A}.homolog|Any CPU.ActiveCfg = Release|Any CPU
		{69F5FD6F-BA20-4C9B-A5F5-286B9FCCC28A}.homolog|Any CPU.Build.0 = Release|Any CPU
		{69F5FD6F-BA20-4C9B-A5F5-286B9FCCC28A}.Local|Any CPU.ActiveCfg = Release|Any CPU
		{69F5FD6F-BA20-4C9B-A5F5-286B9FCCC28A}.Local|Any CPU.Build.0 = Release|Any CPU
		{69F5FD6F-BA20-4C9B-A5F5-286B9FCCC28A}.Release|Any CPU.ActiveCfg = Release|Any CPU
		{69F5FD6F-BA20-4C9B-A5F5-286B9FCCC28A}.Release|Any CPU.Build.0 = Release|Any CPU
		{EDEC633E-69DE-4B79-8FFA-26693544762A}.Debug|Any CPU.ActiveCfg = Debug|Any CPU
		{EDEC633E-69DE-4B79-8FFA-26693544762A}.Debug|Any CPU.Build.0 = Debug|Any CPU
		{EDEC633E-69DE-4B79-8FFA-26693544762A}.homolog|Any CPU.ActiveCfg = Debug|Any CPU
		{EDEC633E-69DE-4B79-8FFA-26693544762A}.homolog|Any CPU.Build.0 = Debug|Any CPU
		{EDEC633E-69DE-4B79-8FFA-26693544762A}.Local|Any CPU.ActiveCfg = Debug|Any CPU
		{EDEC633E-69DE-4B79-8FFA-26693544762A}.Local|Any CPU.Build.0 = Debug|Any CPU
		{EDEC633E-69DE-4B79-8FFA-26693544762A}.Release|Any CPU.ActiveCfg = Release|Any CPU
		{EDEC633E-69DE-4B79-8FFA-26693544762A}.Release|Any CPU.Build.0 = Release|Any CPU
		{C3284C19-9A3B-4D61-A6B0-7255D3B60E62}.Debug|Any CPU.ActiveCfg = Debug|Any CPU
		{C3284C19-9A3B-4D61-A6B0-7255D3B60E62}.Debug|Any CPU.Build.0 = Debug|Any CPU
		{C3284C19-9A3B-4D61-A6B0-7255D3B60E62}.homolog|Any CPU.ActiveCfg = Release|Any CPU
		{C3284C19-9A3B-4D61-A6B0-7255D3B60E62}.homolog|Any CPU.Build.0 = Release|Any CPU
		{C3284C19-9A3B-4D61-A6B0-7255D3B60E62}.Local|Any CPU.ActiveCfg = Release|Any CPU
		{C3284C19-9A3B-4D61-A6B0-7255D3B60E62}.Local|Any CPU.Build.0 = Release|Any CPU
		{C3284C19-9A3B-4D61-A6B0-7255D3B60E62}.Release|Any CPU.ActiveCfg = Release|Any CPU
		{C3284C19-9A3B-4D61-A6B0-7255D3B60E62}.Release|Any CPU.Build.0 = Release|Any CPU
	EndGlobalSection
	GlobalSection(SolutionProperties) = preSolution
		HideSolutionNode = FALSE
	EndGlobalSection
	GlobalSection(NestedProjects) = preSolution
		{7DD6D95F-923A-450E-B55E-44D88E7B4D3A} = {6F3A3CA9-C355-41E3-A923-2AB17A2364F5}
		{E285044F-AA49-41BF-A2B2-3B2F5F46527F} = {7122B8D0-0A5C-4684-B1ED-1FA349369261}
		{8D24C3EC-58E9-40A4-8909-E3F9B4C270B8} = {7122B8D0-0A5C-4684-B1ED-1FA349369261}
		{E5EB9DD3-BE1E-410C-8980-5DD8BA1B3F4A} = {7122B8D0-0A5C-4684-B1ED-1FA349369261}
		{DF18C97E-E3BE-4EB2-A288-010979C2DCDD} = {7788182F-F52D-4264-8D29-D8DE73C6E10F}
		{B2AC60BF-E46E-485A-898A-3ADEB074804B} = {7122B8D0-0A5C-4684-B1ED-1FA349369261}
		{F13B41CB-5BC3-481A-82DC-419806B87819} = {D2D634D0-F369-40A1-A7C2-EF397BE2BF48}
		{063CEC5D-99E9-4B9D-B46A-6658D8139034} = {D2D634D0-F369-40A1-A7C2-EF397BE2BF48}
		{69F5FD6F-BA20-4C9B-A5F5-286B9FCCC28A} = {7788182F-F52D-4264-8D29-D8DE73C6E10F}
		{EDEC633E-69DE-4B79-8FFA-26693544762A} = {7122B8D0-0A5C-4684-B1ED-1FA349369261}
		{C3284C19-9A3B-4D61-A6B0-7255D3B60E62} = {54398A24-7E72-4569-A527-EB2ED9DB1336}
	EndGlobalSection
	GlobalSection(ExtensibilityGlobals) = postSolution
		SolutionGuid = {16FFE593-BC42-45D3-A6F6-4C792E24F651}
	EndGlobalSection
EndGlobal
